// !$*UTF8*$!
{
	archiveVersion = 1;
	classes = {
	};
	objectVersion = 77;
	objects = {

/* Begin PBXBuildFile section */
		4B3E71472CB57D120005318E /* ThemeManager.swift in Sources */ = {isa = PBXBuildFile; fileRef = 4B3E71462CB57D120005318E /* ThemeManager.swift */; };
		4B3E714E2CB6D7830005318E /* ColorsExtension.swift in Sources */ = {isa = PBXBuildFile; fileRef = 4B3E714D2CB6D7830005318E /* ColorsExtension.swift */; };
		4B59FE422CC16C0C006E5468 /* shareButton.swift in Sources */ = {isa = PBXBuildFile; fileRef = 4B59FE412CC16C0C006E5468 /* shareButton.swift */; };
		4B59FE462CC16FB4006E5468 /* mediaButton.swift in Sources */ = {isa = PBXBuildFile; fileRef = 4B59FE452CC16FB4006E5468 /* mediaButton.swift */; };
		4B59FE492CC2B416006E5468 /* FirebaseAuth in Frameworks */ = {isa = PBXBuildFile; productRef = 4B59FE482CC2B416006E5468 /* FirebaseAuth */; };
		4B59FE4B2CC2B416006E5468 /* FirebaseDatabase in Frameworks */ = {isa = PBXBuildFile; productRef = 4B59FE4A2CC2B416006E5468 /* FirebaseDatabase */; };
		4B59FE4D2CC2B416006E5468 /* FirebaseMessaging in Frameworks */ = {isa = PBXBuildFile; productRef = 4B59FE4C2CC2B416006E5468 /* FirebaseMessaging */; };
		4B59FE4F2CC2B416006E5468 /* FirebaseStorage in Frameworks */ = {isa = PBXBuildFile; productRef = 4B59FE4E2CC2B416006E5468 /* FirebaseStorage */; };
		4B59FE512CC2B5A9006E5468 /* GoogleService-Info.plist in Resources */ = {isa = PBXBuildFile; fileRef = 4B59FE502CC2B5A9006E5468 /* GoogleService-Info.plist */; };
		4B5C50C72CBAD70000C92EBD /* MessageListController.swift in Sources */ = {isa = PBXBuildFile; fileRef = 4B5C50C62CBAD70000C92EBD /* MessageListController.swift */; };
		4B5C50C92CBADC0300C92EBD /* MessageListView.swift in Sources */ = {isa = PBXBuildFile; fileRef = 4B5C50C82CBADC0300C92EBD /* MessageListView.swift */; };
		4B5C50CC2CBAEDDE00C92EBD /* MessageItem.swift in Sources */ = {isa = PBXBuildFile; fileRef = 4B5C50CB2CBAEDDE00C92EBD /* MessageItem.swift */; };
		4B5C50CE2CBAEEB000C92EBD /* BubbleTextView.swift in Sources */ = {isa = PBXBuildFile; fileRef = 4B5C50CD2CBAEEB000C92EBD /* BubbleTextView.swift */; };
		4B5C50D02CBAF28600C92EBD /* BubbleTailView.swift in Sources */ = {isa = PBXBuildFile; fileRef = 4B5C50CF2CBAF28600C92EBD /* BubbleTailView.swift */; };
		4B5C50D52CBD638C00C92EBD /* CustomModifiers.swift in Sources */ = {isa = PBXBuildFile; fileRef = 4B5C50D42CBD638C00C92EBD /* CustomModifiers.swift */; };
		4B6FA0F12CB2E6BE005AE578 /* Preview Assets.xcassets in Resources */ = {isa = PBXBuildFile; fileRef = 4B6FA0E42CB2E6BE005AE578 /* Preview Assets.xcassets */; };
		4B6FA0F22CB2E6BE005AE578 /* Assets.xcassets in Resources */ = {isa = PBXBuildFile; fileRef = 4B6FA0ED2CB2E6BE005AE578 /* Assets.xcassets */; };
		4B6FA0F32CB2E6BE005AE578 /* ChatUserCell.swift in Sources */ = {isa = PBXBuildFile; fileRef = 4B6FA0DD2CB2E6BE005AE578 /* ChatUserCell.swift */; };
		4B6FA0F42CB2E6BE005AE578 /* ChatsScreenView+Extensions.swift in Sources */ = {isa = PBXBuildFile; fileRef = 4B6FA0DF2CB2E6BE005AE578 /* ChatsScreenView+Extensions.swift */; };
		4B6FA0F52CB2E6BE005AE578 /* ChatsScreenView.swift in Sources */ = {isa = PBXBuildFile; fileRef = 4B6FA0E12CB2E6BE005AE578 /* ChatsScreenView.swift */; };
		4B6FA0F62CB2E6BE005AE578 /* SettingsCell.swift in Sources */ = {isa = PBXBuildFile; fileRef = 4B6FA0E62CB2E6BE005AE578 /* SettingsCell.swift */; };
		4B6FA0F72CB2E6BE005AE578 /* SettingsScreenView.swift in Sources */ = {isa = PBXBuildFile; fileRef = 4B6FA0E82CB2E6BE005AE578 /* SettingsScreenView.swift */; };
		4B6FA0F82CB2E6BE005AE578 /* SettingsItemCell.swift in Sources */ = {isa = PBXBuildFile; fileRef = 4B6FA0EA2CB2E6BE005AE578 /* SettingsItemCell.swift */; };
		4B6FA0F92CB2E6BE005AE578 /* SettingsUserCell.swift in Sources */ = {isa = PBXBuildFile; fileRef = 4B6FA0EB2CB2E6BE005AE578 /* SettingsUserCell.swift */; };
		4B6FA0FA2CB2E6BE005AE578 /* MainTabView.swift in Sources */ = {isa = PBXBuildFile; fileRef = 4B6FA0EE2CB2E6BE005AE578 /* MainTabView.swift */; };
		4B6FA0FB2CB2E6BE005AE578 /* OneOnOneApp.swift in Sources */ = {isa = PBXBuildFile; fileRef = 4B6FA0EF2CB2E6BE005AE578 /* OneOnOneApp.swift */; };
		4B6FA0FD2CB2FBCE005AE578 /* ChatRoomView.swift in Sources */ = {isa = PBXBuildFile; fileRef = 4B6FA0FC2CB2FBCE005AE578 /* ChatRoomView.swift */; };
		4B6FA0FF2CB2FDEB005AE578 /* TextInputArea.swift in Sources */ = {isa = PBXBuildFile; fileRef = 4B6FA0FE2CB2FDEB005AE578 /* TextInputArea.swift */; };
		4B6FA1032CB30885005AE578 /* ChatRoom+Extensions.swift in Sources */ = {isa = PBXBuildFile; fileRef = 4B6FA1022CB30885005AE578 /* ChatRoom+Extensions.swift */; };
		4B6FA1062CB3095D005AE578 /* DefaultUserAvatar.swift in Sources */ = {isa = PBXBuildFile; fileRef = 4B6FA1052CB3095D005AE578 /* DefaultUserAvatar.swift */; };
		4BB75EE12CBD7ACF0075BB14 /* BubbleImageView.swift in Sources */ = {isa = PBXBuildFile; fileRef = 4BB75EE02CBD7ACF0075BB14 /* BubbleImageView.swift */; };
		4BB75EE32CC00ECA0075BB14 /* BubbleAudioView.swift in Sources */ = {isa = PBXBuildFile; fileRef = 4BB75EE22CC00ECA0075BB14 /* BubbleAudioView.swift */; };
		4BB75EE52CC0144B0075BB14 /* TimeStampCapsuleText.swift in Sources */ = {isa = PBXBuildFile; fileRef = 4BB75EE42CC0144B0075BB14 /* TimeStampCapsuleText.swift */; };
		4BB75EE72CC01E560075BB14 /* TimeStampText.swift in Sources */ = {isa = PBXBuildFile; fileRef = 4BB75EE62CC01E560075BB14 /* TimeStampText.swift */; };
/* End PBXBuildFile section */

/* Begin PBXFileReference section */
		4B3E71462CB57D120005318E /* ThemeManager.swift */ = {isa = PBXFileReference; lastKnownFileType = sourcecode.swift; path = ThemeManager.swift; sourceTree = "<group>"; };
		4B3E714B2CB6C63A0005318E /* OneOnOne.app */ = {isa = PBXFileReference; explicitFileType = wrapper.application; includeInIndex = 0; path = OneOnOne.app; sourceTree = BUILT_PRODUCTS_DIR; };
		4B3E714D2CB6D7830005318E /* ColorsExtension.swift */ = {isa = PBXFileReference; lastKnownFileType = sourcecode.swift; path = ColorsExtension.swift; sourceTree = "<group>"; };
		4B59FE412CC16C0C006E5468 /* shareButton.swift */ = {isa = PBXFileReference; lastKnownFileType = sourcecode.swift; path = shareButton.swift; sourceTree = "<group>"; };
		4B59FE452CC16FB4006E5468 /* mediaButton.swift */ = {isa = PBXFileReference; lastKnownFileType = sourcecode.swift; path = mediaButton.swift; sourceTree = "<group>"; };
		4B59FE502CC2B5A9006E5468 /* GoogleService-Info.plist */ = {isa = PBXFileReference; lastKnownFileType = text.plist.xml; path = "GoogleService-Info.plist"; sourceTree = "<group>"; };
		4B5C50C62CBAD70000C92EBD /* MessageListController.swift */ = {isa = PBXFileReference; lastKnownFileType = sourcecode.swift; path = MessageListController.swift; sourceTree = "<group>"; };
		4B5C50C82CBADC0300C92EBD /* MessageListView.swift */ = {isa = PBXFileReference; lastKnownFileType = sourcecode.swift; path = MessageListView.swift; sourceTree = "<group>"; };
		4B5C50CB2CBAEDDE00C92EBD /* MessageItem.swift */ = {isa = PBXFileReference; lastKnownFileType = sourcecode.swift; path = MessageItem.swift; sourceTree = "<group>"; };
		4B5C50CD2CBAEEB000C92EBD /* BubbleTextView.swift */ = {isa = PBXFileReference; lastKnownFileType = sourcecode.swift; path = BubbleTextView.swift; sourceTree = "<group>"; };
		4B5C50CF2CBAF28600C92EBD /* BubbleTailView.swift */ = {isa = PBXFileReference; lastKnownFileType = sourcecode.swift; path = BubbleTailView.swift; sourceTree = "<group>"; };
		4B5C50D42CBD638C00C92EBD /* CustomModifiers.swift */ = {isa = PBXFileReference; lastKnownFileType = sourcecode.swift; path = CustomModifiers.swift; sourceTree = "<group>"; };
		4B6FA0DD2CB2E6BE005AE578 /* ChatUserCell.swift */ = {isa = PBXFileReference; lastKnownFileType = sourcecode.swift; path = ChatUserCell.swift; sourceTree = "<group>"; };
		4B6FA0DF2CB2E6BE005AE578 /* ChatsScreenView+Extensions.swift */ = {isa = PBXFileReference; lastKnownFileType = sourcecode.swift; path = "ChatsScreenView+Extensions.swift"; sourceTree = "<group>"; };
		4B6FA0E12CB2E6BE005AE578 /* ChatsScreenView.swift */ = {isa = PBXFileReference; lastKnownFileType = sourcecode.swift; path = ChatsScreenView.swift; sourceTree = "<group>"; };
		4B6FA0E42CB2E6BE005AE578 /* Preview Assets.xcassets */ = {isa = PBXFileReference; lastKnownFileType = folder.assetcatalog; path = "Preview Assets.xcassets"; sourceTree = "<group>"; };
		4B6FA0E62CB2E6BE005AE578 /* SettingsCell.swift */ = {isa = PBXFileReference; lastKnownFileType = sourcecode.swift; path = SettingsCell.swift; sourceTree = "<group>"; };
		4B6FA0E82CB2E6BE005AE578 /* SettingsScreenView.swift */ = {isa = PBXFileReference; lastKnownFileType = sourcecode.swift; path = SettingsScreenView.swift; sourceTree = "<group>"; };
		4B6FA0EA2CB2E6BE005AE578 /* SettingsItemCell.swift */ = {isa = PBXFileReference; lastKnownFileType = sourcecode.swift; path = SettingsItemCell.swift; sourceTree = "<group>"; };
		4B6FA0EB2CB2E6BE005AE578 /* SettingsUserCell.swift */ = {isa = PBXFileReference; lastKnownFileType = sourcecode.swift; path = SettingsUserCell.swift; sourceTree = "<group>"; };
		4B6FA0ED2CB2E6BE005AE578 /* Assets.xcassets */ = {isa = PBXFileReference; lastKnownFileType = folder.assetcatalog; path = Assets.xcassets; sourceTree = "<group>"; };
		4B6FA0EE2CB2E6BE005AE578 /* MainTabView.swift */ = {isa = PBXFileReference; lastKnownFileType = sourcecode.swift; path = MainTabView.swift; sourceTree = "<group>"; };
		4B6FA0EF2CB2E6BE005AE578 /* OneOnOneApp.swift */ = {isa = PBXFileReference; lastKnownFileType = sourcecode.swift; path = OneOnOneApp.swift; sourceTree = "<group>"; };
		4B6FA0FC2CB2FBCE005AE578 /* ChatRoomView.swift */ = {isa = PBXFileReference; lastKnownFileType = sourcecode.swift; path = ChatRoomView.swift; sourceTree = "<group>"; };
		4B6FA0FE2CB2FDEB005AE578 /* TextInputArea.swift */ = {isa = PBXFileReference; lastKnownFileType = sourcecode.swift; path = TextInputArea.swift; sourceTree = "<group>"; };
		4B6FA1022CB30885005AE578 /* ChatRoom+Extensions.swift */ = {isa = PBXFileReference; lastKnownFileType = sourcecode.swift; path = "ChatRoom+Extensions.swift"; sourceTree = "<group>"; };
		4B6FA1052CB3095D005AE578 /* DefaultUserAvatar.swift */ = {isa = PBXFileReference; lastKnownFileType = sourcecode.swift; path = DefaultUserAvatar.swift; sourceTree = "<group>"; };
		4BB75EE02CBD7ACF0075BB14 /* BubbleImageView.swift */ = {isa = PBXFileReference; lastKnownFileType = sourcecode.swift; path = BubbleImageView.swift; sourceTree = "<group>"; };
		4BB75EE22CC00ECA0075BB14 /* BubbleAudioView.swift */ = {isa = PBXFileReference; lastKnownFileType = sourcecode.swift; path = BubbleAudioView.swift; sourceTree = "<group>"; };
		4BB75EE42CC0144B0075BB14 /* TimeStampCapsuleText.swift */ = {isa = PBXFileReference; lastKnownFileType = sourcecode.swift; path = TimeStampCapsuleText.swift; sourceTree = "<group>"; };
		4BB75EE62CC01E560075BB14 /* TimeStampText.swift */ = {isa = PBXFileReference; lastKnownFileType = sourcecode.swift; path = TimeStampText.swift; sourceTree = "<group>"; };
/* End PBXFileReference section */

/* Begin PBXFrameworksBuildPhase section */
		4B5C84392CAF183D009BF1C7 /* Frameworks */ = {
			isa = PBXFrameworksBuildPhase;
			buildActionMask = 2147483647;
			files = (
				4B59FE4D2CC2B416006E5468 /* FirebaseMessaging in Frameworks */,
				4B59FE4F2CC2B416006E5468 /* FirebaseStorage in Frameworks */,
				4B59FE4B2CC2B416006E5468 /* FirebaseDatabase in Frameworks */,
				4B59FE492CC2B416006E5468 /* FirebaseAuth in Frameworks */,
			);
			runOnlyForDeploymentPostprocessing = 0;
		};
/* End PBXFrameworksBuildPhase section */

/* Begin PBXGroup section */
		4B3E714A2CB583CA0005318E /* Managers */ = {
			isa = PBXGroup;
			children = (
				4B3E71462CB57D120005318E /* ThemeManager.swift */,
			);
			path = Managers;
			sourceTree = "<group>";
		};
		4B3E714C2CB6D7640005318E /* Extensions */ = {
			isa = PBXGroup;
			children = (
				4B3E714D2CB6D7830005318E /* ColorsExtension.swift */,
			);
			path = Extensions;
			sourceTree = "<group>";
		};
		4B5C50CA2CBAEDB800C92EBD /* Models */ = {
			isa = PBXGroup;
			children = (
				4B5C50CB2CBAEDDE00C92EBD /* MessageItem.swift */,
			);
			path = Models;
			sourceTree = "<group>";
		};
		4B5C50D12CBD636000C92EBD /* Helpers */ = {
			isa = PBXGroup;
			children = (
				4B5C50D42CBD638C00C92EBD /* CustomModifiers.swift */,
			);
			path = Helpers;
			sourceTree = "<group>";
		};
		4B5C84332CAF183D009BF1C7 = {
			isa = PBXGroup;
			children = (
				4B6FA0F02CB2E6BE005AE578 /* OneOnOne */,
				4B3E714B2CB6C63A0005318E /* OneOnOne.app */,
			);
			sourceTree = "<group>";
		};
		4B6FA0DE2CB2E6BE005AE578 /* Components */ = {
			isa = PBXGroup;
			children = (
				4B6FA0DD2CB2E6BE005AE578 /* ChatUserCell.swift */,
				4B6FA0FE2CB2FDEB005AE578 /* TextInputArea.swift */,
				4BB75EE42CC0144B0075BB14 /* TimeStampCapsuleText.swift */,
				4BB75EE62CC01E560075BB14 /* TimeStampText.swift */,
				4B59FE412CC16C0C006E5468 /* shareButton.swift */,
				4B59FE452CC16FB4006E5468 /* mediaButton.swift */,
			);
			path = Components;
			sourceTree = "<group>";
		};
		4B6FA0E02CB2E6BE005AE578 /* Extensions */ = {
			isa = PBXGroup;
			children = (
				4B6FA0DF2CB2E6BE005AE578 /* ChatsScreenView+Extensions.swift */,
				4B6FA1022CB30885005AE578 /* ChatRoom+Extensions.swift */,
			);
			path = Extensions;
			sourceTree = "<group>";
		};
		4B6FA0E22CB2E6BE005AE578 /* Views */ = {
			isa = PBXGroup;
			children = (
				4B6FA0E12CB2E6BE005AE578 /* ChatsScreenView.swift */,
				4B6FA0FC2CB2FBCE005AE578 /* ChatRoomView.swift */,
				4B5C50C82CBADC0300C92EBD /* MessageListView.swift */,
				4B5C50CD2CBAEEB000C92EBD /* BubbleTextView.swift */,
				4B5C50CF2CBAF28600C92EBD /* BubbleTailView.swift */,
				4BB75EE02CBD7ACF0075BB14 /* BubbleImageView.swift */,
				4B5C50C62CBAD70000C92EBD /* MessageListController.swift */,
				4BB75EE22CC00ECA0075BB14 /* BubbleAudioView.swift */,
			);
			path = Views;
			sourceTree = "<group>";
		};
		4B6FA0E32CB2E6BE005AE578 /* Chat */ = {
			isa = PBXGroup;
			children = (
				4B6FA0E22CB2E6BE005AE578 /* Views */,
				4B5C50CA2CBAEDB800C92EBD /* Models */,
				4B6FA0DE2CB2E6BE005AE578 /* Components */,
				4B6FA0E02CB2E6BE005AE578 /* Extensions */,
			);
			path = Chat;
			sourceTree = "<group>";
		};
		4B6FA0E52CB2E6BE005AE578 /* Preview Content */ = {
			isa = PBXGroup;
			children = (
				4B6FA0E42CB2E6BE005AE578 /* Preview Assets.xcassets */,
			);
			path = "Preview Content";
			sourceTree = "<group>";
		};
		4B6FA0E72CB2E6BE005AE578 /* Models */ = {
			isa = PBXGroup;
			children = (
				4B6FA0E62CB2E6BE005AE578 /* SettingsCell.swift */,
			);
			path = Models;
			sourceTree = "<group>";
		};
		4B6FA0E92CB2E6BE005AE578 /* Views */ = {
			isa = PBXGroup;
			children = (
				4B6FA0E82CB2E6BE005AE578 /* SettingsScreenView.swift */,
			);
			path = Views;
			sourceTree = "<group>";
		};
		4B6FA0EC2CB2E6BE005AE578 /* Settings */ = {
			isa = PBXGroup;
			children = (
				4B6FA0E92CB2E6BE005AE578 /* Views */,
				4B6FA0E72CB2E6BE005AE578 /* Models */,
				4B6FA1012CB30809005AE578 /* Components */,
			);
			path = Settings;
			sourceTree = "<group>";
		};
		4B6FA0F02CB2E6BE005AE578 /* OneOnOne */ = {
			isa = PBXGroup;
			children = (
				4B59FE502CC2B5A9006E5468 /* GoogleService-Info.plist */,
				4B6FA0EF2CB2E6BE005AE578 /* OneOnOneApp.swift */,
				4B6FA0EE2CB2E6BE005AE578 /* MainTabView.swift */,
				4B6FA0E32CB2E6BE005AE578 /* Chat */,
				4B6FA0EC2CB2E6BE005AE578 /* Settings */,
				4B6FA1042CB30927005AE578 /* Components */,
				4B3E714A2CB583CA0005318E /* Managers */,
				4B3E714C2CB6D7640005318E /* Extensions */,
				4B5C50D12CBD636000C92EBD /* Helpers */,
				4B6FA0ED2CB2E6BE005AE578 /* Assets.xcassets */,
				4B6FA0E52CB2E6BE005AE578 /* Preview Content */,
			);
			path = OneOnOne;
			sourceTree = "<group>";
		};
		4B6FA1012CB30809005AE578 /* Components */ = {
			isa = PBXGroup;
			children = (
				4B6FA0EA2CB2E6BE005AE578 /* SettingsItemCell.swift */,
				4B6FA0EB2CB2E6BE005AE578 /* SettingsUserCell.swift */,
			);
			path = Components;
			sourceTree = "<group>";
		};
		4B6FA1042CB30927005AE578 /* Components */ = {
			isa = PBXGroup;
			children = (
				4B6FA1052CB3095D005AE578 /* DefaultUserAvatar.swift */,
			);
			path = Components;
			sourceTree = "<group>";
		};
/* End PBXGroup section */

/* Begin PBXNativeTarget section */
		4B5C843B2CAF183D009BF1C7 /* OneOnOne */ = {
			isa = PBXNativeTarget;
			buildConfigurationList = 4B5C844A2CAF183F009BF1C7 /* Build configuration list for PBXNativeTarget "OneOnOne" */;
			buildPhases = (
				4B5C84382CAF183D009BF1C7 /* Sources */,
				4B5C84392CAF183D009BF1C7 /* Frameworks */,
				4B5C843A2CAF183D009BF1C7 /* Resources */,
			);
			buildRules = (
			);
			dependencies = (
			);
			name = OneOnOne;
			packageProductDependencies = (
				4B59FE482CC2B416006E5468 /* FirebaseAuth */,
				4B59FE4A2CC2B416006E5468 /* FirebaseDatabase */,
				4B59FE4C2CC2B416006E5468 /* FirebaseMessaging */,
				4B59FE4E2CC2B416006E5468 /* FirebaseStorage */,
			);
			productName = OneOnOne;
			productReference = 4B3E714B2CB6C63A0005318E /* OneOnOne.app */;
			productType = "com.apple.product-type.application";
		};
/* End PBXNativeTarget section */

/* Begin PBXProject section */
		4B5C84342CAF183D009BF1C7 /* Project object */ = {
			isa = PBXProject;
			attributes = {
				BuildIndependentTargetsInParallel = 1;
				LastSwiftUpdateCheck = 1600;
				LastUpgradeCheck = 1600;
				TargetAttributes = {
					4B5C843B2CAF183D009BF1C7 = {
						CreatedOnToolsVersion = 16.0;
					};
				};
			};
			buildConfigurationList = 4B5C84372CAF183D009BF1C7 /* Build configuration list for PBXProject "OneOnOne" */;
			developmentRegion = en;
			hasScannedForEncodings = 0;
			knownRegions = (
				en,
				Base,
			);
			mainGroup = 4B5C84332CAF183D009BF1C7;
			minimizedProjectReferenceProxies = 1;
			packageReferences = (
				4B59FE472CC2B416006E5468 /* XCRemoteSwiftPackageReference "firebase-ios-sdk" */,
			);
			preferredProjectObjectVersion = 77;
			productRefGroup = 4B5C84332CAF183D009BF1C7;
			projectDirPath = "";
			projectRoot = "";
			targets = (
				4B5C843B2CAF183D009BF1C7 /* OneOnOne */,
			);
		};
/* End PBXProject section */

/* Begin PBXResourcesBuildPhase section */
		4B5C843A2CAF183D009BF1C7 /* Resources */ = {
			isa = PBXResourcesBuildPhase;
			buildActionMask = 2147483647;
			files = (
				4B6FA0F12CB2E6BE005AE578 /* Preview Assets.xcassets in Resources */,
				4B6FA0F22CB2E6BE005AE578 /* Assets.xcassets in Resources */,
				4B59FE512CC2B5A9006E5468 /* GoogleService-Info.plist in Resources */,
			);
			runOnlyForDeploymentPostprocessing = 0;
		};
/* End PBXResourcesBuildPhase section */

/* Begin PBXSourcesBuildPhase section */
		4B5C84382CAF183D009BF1C7 /* Sources */ = {
			isa = PBXSourcesBuildPhase;
			buildActionMask = 2147483647;
			files = (
				4B5C50D02CBAF28600C92EBD /* BubbleTailView.swift in Sources */,
				4B5C50CE2CBAEEB000C92EBD /* BubbleTextView.swift in Sources */,
				4B6FA0F32CB2E6BE005AE578 /* ChatUserCell.swift in Sources */,
				4B5C50C92CBADC0300C92EBD /* MessageListView.swift in Sources */,
				4B6FA0F42CB2E6BE005AE578 /* ChatsScreenView+Extensions.swift in Sources */,
				4B6FA0F52CB2E6BE005AE578 /* ChatsScreenView.swift in Sources */,
				4BB75EE72CC01E560075BB14 /* TimeStampText.swift in Sources */,
				4B6FA0F62CB2E6BE005AE578 /* SettingsCell.swift in Sources */,
				4B6FA0F72CB2E6BE005AE578 /* SettingsScreenView.swift in Sources */,
				4BB75EE32CC00ECA0075BB14 /* BubbleAudioView.swift in Sources */,
				4BB75EE12CBD7ACF0075BB14 /* BubbleImageView.swift in Sources */,
				4B59FE422CC16C0C006E5468 /* shareButton.swift in Sources */,
				4B3E714E2CB6D7830005318E /* ColorsExtension.swift in Sources */,
				4B6FA0F82CB2E6BE005AE578 /* SettingsItemCell.swift in Sources */,
				4B6FA0F92CB2E6BE005AE578 /* SettingsUserCell.swift in Sources */,
				4B6FA0FF2CB2FDEB005AE578 /* TextInputArea.swift in Sources */,
				4BB75EE52CC0144B0075BB14 /* TimeStampCapsuleText.swift in Sources */,
				4B5C50D52CBD638C00C92EBD /* CustomModifiers.swift in Sources */,
				4B6FA1062CB3095D005AE578 /* DefaultUserAvatar.swift in Sources */,
				4B6FA1032CB30885005AE578 /* ChatRoom+Extensions.swift in Sources */,
				4B5C50C72CBAD70000C92EBD /* MessageListController.swift in Sources */,
				4B6FA0FD2CB2FBCE005AE578 /* ChatRoomView.swift in Sources */,
				4B5C50CC2CBAEDDE00C92EBD /* MessageItem.swift in Sources */,
				4B59FE462CC16FB4006E5468 /* mediaButton.swift in Sources */,
				4B6FA0FA2CB2E6BE005AE578 /* MainTabView.swift in Sources */,
				4B6FA0FB2CB2E6BE005AE578 /* OneOnOneApp.swift in Sources */,
				4B3E71472CB57D120005318E /* ThemeManager.swift in Sources */,
			);
			runOnlyForDeploymentPostprocessing = 0;
		};
/* End PBXSourcesBuildPhase section */

/* Begin XCBuildConfiguration section */
		4B5C84482CAF183F009BF1C7 /* Debug */ = {
			isa = XCBuildConfiguration;
			buildSettings = {
				ALWAYS_SEARCH_USER_PATHS = NO;
				ASSETCATALOG_COMPILER_GENERATE_SWIFT_ASSET_SYMBOL_EXTENSIONS = YES;
				CLANG_ANALYZER_NONNULL = YES;
				CLANG_ANALYZER_NUMBER_OBJECT_CONVERSION = YES_AGGRESSIVE;
				CLANG_CXX_LANGUAGE_STANDARD = "gnu++20";
				CLANG_ENABLE_MODULES = YES;
				CLANG_ENABLE_OBJC_ARC = YES;
				CLANG_ENABLE_OBJC_WEAK = YES;
				CLANG_WARN_BLOCK_CAPTURE_AUTORELEASING = YES;
				CLANG_WARN_BOOL_CONVERSION = YES;
				CLANG_WARN_COMMA = YES;
				CLANG_WARN_CONSTANT_CONVERSION = YES;
				CLANG_WARN_DEPRECATED_OBJC_IMPLEMENTATIONS = YES;
				CLANG_WARN_DIRECT_OBJC_ISA_USAGE = YES_ERROR;
				CLANG_WARN_DOCUMENTATION_COMMENTS = YES;
				CLANG_WARN_EMPTY_BODY = YES;
				CLANG_WARN_ENUM_CONVERSION = YES;
				CLANG_WARN_INFINITE_RECURSION = YES;
				CLANG_WARN_INT_CONVERSION = YES;
				CLANG_WARN_NON_LITERAL_NULL_CONVERSION = YES;
				CLANG_WARN_OBJC_IMPLICIT_RETAIN_SELF = YES;
				CLANG_WARN_OBJC_LITERAL_CONVERSION = YES;
				CLANG_WARN_OBJC_ROOT_CLASS = YES_ERROR;
				CLANG_WARN_QUOTED_INCLUDE_IN_FRAMEWORK_HEADER = YES;
				CLANG_WARN_RANGE_LOOP_ANALYSIS = YES;
				CLANG_WARN_STRICT_PROTOTYPES = YES;
				CLANG_WARN_SUSPICIOUS_MOVE = YES;
				CLANG_WARN_UNGUARDED_AVAILABILITY = YES_AGGRESSIVE;
				CLANG_WARN_UNREACHABLE_CODE = YES;
				CLANG_WARN__DUPLICATE_METHOD_MATCH = YES;
				COPY_PHASE_STRIP = NO;
				DEBUG_INFORMATION_FORMAT = dwarf;
				ENABLE_STRICT_OBJC_MSGSEND = YES;
				ENABLE_TESTABILITY = YES;
				ENABLE_USER_SCRIPT_SANDBOXING = YES;
				GCC_C_LANGUAGE_STANDARD = gnu17;
				GCC_DYNAMIC_NO_PIC = NO;
				GCC_NO_COMMON_BLOCKS = YES;
				GCC_OPTIMIZATION_LEVEL = 0;
				GCC_PREPROCESSOR_DEFINITIONS = (
					"DEBUG=1",
					"$(inherited)",
				);
				GCC_WARN_64_TO_32_BIT_CONVERSION = YES;
				GCC_WARN_ABOUT_RETURN_TYPE = YES_ERROR;
				GCC_WARN_UNDECLARED_SELECTOR = YES;
				GCC_WARN_UNINITIALIZED_AUTOS = YES_AGGRESSIVE;
				GCC_WARN_UNUSED_FUNCTION = YES;
				GCC_WARN_UNUSED_VARIABLE = YES;
				IPHONEOS_DEPLOYMENT_TARGET = 18.0;
				LOCALIZATION_PREFERS_STRING_CATALOGS = YES;
				MTL_ENABLE_DEBUG_INFO = INCLUDE_SOURCE;
				MTL_FAST_MATH = YES;
				ONLY_ACTIVE_ARCH = YES;
				SDKROOT = iphoneos;
				SWIFT_ACTIVE_COMPILATION_CONDITIONS = "DEBUG $(inherited)";
				SWIFT_OPTIMIZATION_LEVEL = "-Onone";
			};
			name = Debug;
		};
		4B5C84492CAF183F009BF1C7 /* Release */ = {
			isa = XCBuildConfiguration;
			buildSettings = {
				ALWAYS_SEARCH_USER_PATHS = NO;
				ASSETCATALOG_COMPILER_GENERATE_SWIFT_ASSET_SYMBOL_EXTENSIONS = YES;
				CLANG_ANALYZER_NONNULL = YES;
				CLANG_ANALYZER_NUMBER_OBJECT_CONVERSION = YES_AGGRESSIVE;
				CLANG_CXX_LANGUAGE_STANDARD = "gnu++20";
				CLANG_ENABLE_MODULES = YES;
				CLANG_ENABLE_OBJC_ARC = YES;
				CLANG_ENABLE_OBJC_WEAK = YES;
				CLANG_WARN_BLOCK_CAPTURE_AUTORELEASING = YES;
				CLANG_WARN_BOOL_CONVERSION = YES;
				CLANG_WARN_COMMA = YES;
				CLANG_WARN_CONSTANT_CONVERSION = YES;
				CLANG_WARN_DEPRECATED_OBJC_IMPLEMENTATIONS = YES;
				CLANG_WARN_DIRECT_OBJC_ISA_USAGE = YES_ERROR;
				CLANG_WARN_DOCUMENTATION_COMMENTS = YES;
				CLANG_WARN_EMPTY_BODY = YES;
				CLANG_WARN_ENUM_CONVERSION = YES;
				CLANG_WARN_INFINITE_RECURSION = YES;
				CLANG_WARN_INT_CONVERSION = YES;
				CLANG_WARN_NON_LITERAL_NULL_CONVERSION = YES;
				CLANG_WARN_OBJC_IMPLICIT_RETAIN_SELF = YES;
				CLANG_WARN_OBJC_LITERAL_CONVERSION = YES;
				CLANG_WARN_OBJC_ROOT_CLASS = YES_ERROR;
				CLANG_WARN_QUOTED_INCLUDE_IN_FRAMEWORK_HEADER = YES;
				CLANG_WARN_RANGE_LOOP_ANALYSIS = YES;
				CLANG_WARN_STRICT_PROTOTYPES = YES;
				CLANG_WARN_SUSPICIOUS_MOVE = YES;
				CLANG_WARN_UNGUARDED_AVAILABILITY = YES_AGGRESSIVE;
				CLANG_WARN_UNREACHABLE_CODE = YES;
				CLANG_WARN__DUPLICATE_METHOD_MATCH = YES;
				COPY_PHASE_STRIP = NO;
				DEBUG_INFORMATION_FORMAT = "dwarf-with-dsym";
				ENABLE_NS_ASSERTIONS = NO;
				ENABLE_STRICT_OBJC_MSGSEND = YES;
				ENABLE_USER_SCRIPT_SANDBOXING = YES;
				GCC_C_LANGUAGE_STANDARD = gnu17;
				GCC_NO_COMMON_BLOCKS = YES;
				GCC_WARN_64_TO_32_BIT_CONVERSION = YES;
				GCC_WARN_ABOUT_RETURN_TYPE = YES_ERROR;
				GCC_WARN_UNDECLARED_SELECTOR = YES;
				GCC_WARN_UNINITIALIZED_AUTOS = YES_AGGRESSIVE;
				GCC_WARN_UNUSED_FUNCTION = YES;
				GCC_WARN_UNUSED_VARIABLE = YES;
				IPHONEOS_DEPLOYMENT_TARGET = 18.0;
				LOCALIZATION_PREFERS_STRING_CATALOGS = YES;
				MTL_ENABLE_DEBUG_INFO = NO;
				MTL_FAST_MATH = YES;
				SDKROOT = iphoneos;
				SWIFT_COMPILATION_MODE = wholemodule;
				VALIDATE_PRODUCT = YES;
			};
			name = Release;
		};
		4B5C844B2CAF183F009BF1C7 /* Debug */ = {
			isa = XCBuildConfiguration;
			buildSettings = {
				ASSETCATALOG_COMPILER_APPICON_NAME = AppIcon;
				ASSETCATALOG_COMPILER_GLOBAL_ACCENT_COLOR_NAME = AccentColor;
				CODE_SIGN_STYLE = Automatic;
				CURRENT_PROJECT_VERSION = 1;
				DEVELOPMENT_ASSET_PATHS = "\"OneOnOne/Preview Content\"";
				DEVELOPMENT_TEAM = QT3T249ZHN;
				ENABLE_PREVIEWS = YES;
				GENERATE_INFOPLIST_FILE = YES;
				INFOPLIST_KEY_UIApplicationSceneManifest_Generation = YES;
				INFOPLIST_KEY_UIApplicationSupportsIndirectInputEvents = YES;
				INFOPLIST_KEY_UILaunchScreen_Generation = YES;
				INFOPLIST_KEY_UISupportedInterfaceOrientations_iPad = "UIInterfaceOrientationPortrait UIInterfaceOrientationPortraitUpsideDown UIInterfaceOrientationLandscapeLeft UIInterfaceOrientationLandscapeRight";
				INFOPLIST_KEY_UISupportedInterfaceOrientations_iPhone = "UIInterfaceOrientationPortrait UIInterfaceOrientationLandscapeLeft UIInterfaceOrientationLandscapeRight";
				LD_RUNPATH_SEARCH_PATHS = (
					"$(inherited)",
					"@executable_path/Frameworks",
				);
				MARKETING_VERSION = 1.0;
				PRODUCT_BUNDLE_IDENTIFIER = com.oneonone.OneOnOne;
				PRODUCT_NAME = "$(TARGET_NAME)";
				SWIFT_EMIT_LOC_STRINGS = YES;
				SWIFT_VERSION = 5.0;
				TARGETED_DEVICE_FAMILY = "1,2";
			};
			name = Debug;
		};
		4B5C844C2CAF183F009BF1C7 /* Release */ = {
			isa = XCBuildConfiguration;
			buildSettings = {
				ASSETCATALOG_COMPILER_APPICON_NAME = AppIcon;
				ASSETCATALOG_COMPILER_GLOBAL_ACCENT_COLOR_NAME = AccentColor;
				CODE_SIGN_STYLE = Automatic;
				CURRENT_PROJECT_VERSION = 1;
				DEVELOPMENT_ASSET_PATHS = "\"OneOnOne/Preview Content\"";
				DEVELOPMENT_TEAM = QT3T249ZHN;
				ENABLE_PREVIEWS = YES;
				GENERATE_INFOPLIST_FILE = YES;
				INFOPLIST_KEY_UIApplicationSceneManifest_Generation = YES;
				INFOPLIST_KEY_UIApplicationSupportsIndirectInputEvents = YES;
				INFOPLIST_KEY_UILaunchScreen_Generation = YES;
				INFOPLIST_KEY_UISupportedInterfaceOrientations_iPad = "UIInterfaceOrientationPortrait UIInterfaceOrientationPortraitUpsideDown UIInterfaceOrientationLandscapeLeft UIInterfaceOrientationLandscapeRight";
				INFOPLIST_KEY_UISupportedInterfaceOrientations_iPhone = "UIInterfaceOrientationPortrait UIInterfaceOrientationLandscapeLeft UIInterfaceOrientationLandscapeRight";
				LD_RUNPATH_SEARCH_PATHS = (
					"$(inherited)",
					"@executable_path/Frameworks",
				);
				MARKETING_VERSION = 1.0;
				PRODUCT_BUNDLE_IDENTIFIER = com.oneonone.OneOnOne;
				PRODUCT_NAME = "$(TARGET_NAME)";
				SWIFT_EMIT_LOC_STRINGS = YES;
				SWIFT_VERSION = 5.0;
				TARGETED_DEVICE_FAMILY = "1,2";
			};
			name = Release;
		};
/* End XCBuildConfiguration section */

/* Begin XCConfigurationList section */
		4B5C84372CAF183D009BF1C7 /* Build configuration list for PBXProject "OneOnOne" */ = {
			isa = XCConfigurationList;
			buildConfigurations = (
				4B5C84482CAF183F009BF1C7 /* Debug */,
				4B5C84492CAF183F009BF1C7 /* Release */,
			);
			defaultConfigurationIsVisible = 0;
			defaultConfigurationName = Release;
		};
		4B5C844A2CAF183F009BF1C7 /* Build configuration list for PBXNativeTarget "OneOnOne" */ = {
			isa = XCConfigurationList;
			buildConfigurations = (
				4B5C844B2CAF183F009BF1C7 /* Debug */,
				4B5C844C2CAF183F009BF1C7 /* Release */,
			);
			defaultConfigurationIsVisible = 0;
			defaultConfigurationName = Release;
		};
/* End XCConfigurationList section */

/* Begin XCRemoteSwiftPackageReference section */
		4B59FE472CC2B416006E5468 /* XCRemoteSwiftPackageReference "firebase-ios-sdk" */ = {
			isa = XCRemoteSwiftPackageReference;
			repositoryURL = "https://github.com/firebase/firebase-ios-sdk.git";
			requirement = {
				kind = upToNextMajorVersion;
				minimumVersion = 11.3.0;
			};
		};
/* End XCRemoteSwiftPackageReference section */

/* Begin XCSwiftPackageProductDependency section */
		4B59FE482CC2B416006E5468 /* FirebaseAuth */ = {
			isa = XCSwiftPackageProductDependency;
			package = 4B59FE472CC2B416006E5468 /* XCRemoteSwiftPackageReference "firebase-ios-sdk" */;
			productName = FirebaseAuth;
		};
		4B59FE4A2CC2B416006E5468 /* FirebaseDatabase */ = {
			isa = XCSwiftPackageProductDependency;
			package = 4B59FE472CC2B416006E5468 /* XCRemoteSwiftPackageReference "firebase-ios-sdk" */;
			productName = FirebaseDatabase;
		};
		4B59FE4C2CC2B416006E5468 /* FirebaseMessaging */ = {
			isa = XCSwiftPackageProductDependency;
			package = 4B59FE472CC2B416006E5468 /* XCRemoteSwiftPackageReference "firebase-ios-sdk" */;
			productName = FirebaseMessaging;
		};
		4B59FE4E2CC2B416006E5468 /* FirebaseStorage */ = {
			isa = XCSwiftPackageProductDependency;
			package = 4B59FE472CC2B416006E5468 /* XCRemoteSwiftPackageReference "firebase-ios-sdk" */;
			productName = FirebaseStorage;
		};
/* End XCSwiftPackageProductDependency section */
	};
	rootObject = 4B5C84342CAF183D009BF1C7 /* Project object */;
}
